PODS:
  - HanekeSwift (0.10.1)
  - SwiftyJSON (2.3.2)

DEPENDENCIES:
  - HanekeSwift
  - SwiftyJSON (~> 2.3)

SPEC CHECKSUMS:
  HanekeSwift: 08e47d3d0f2899ec58e5d257beba0de619aca9e8
  SwiftyJSON: 04ccea08915aa0109039157c7974cf0298da292a

PODFILE CHECKSUM: ca99e30042c43959388e32f9a7a004e8b431e956

COCOAPODS: 1.0.1
